
Microsoft Visual Studio Solution File, Format Version 12.00
# Visual Studio Version 17
VisualStudioVersion = 17.3.32811.315
MinimumVisualStudioVersion = 10.0.40219.1
Project("{9A19103F-16F7-4668-BE54-9A1E7A4F7556}") = "AdaBank.Domain", "AdaBank.Domain\AdaBank.Domain.csproj", "{FAD0DD32-DAC4-4EC7-8FD3-EAC8F2A91E53}"
EndProject
Project("{FAE04EC0-301F-11D3-BF4B-00C04F79EFBC}") = "AdaBank.UnitTests", "AdaBank.UnitTests\AdaBank.UnitTests.csproj", "{267C3559-C492-41F2-B1D2-6B6559E86DC9}"
EndProject
Global
	GlobalSection(SolutionConfigurationPlatforms) = preSolution
		Debug|Any CPU = Debug|Any CPU
		Release|Any CPU = Release|Any CPU
	EndGlobalSection
	GlobalSection(ProjectConfigurationPlatforms) = postSolution
		{FAD0DD32-DAC4-4EC7-8FD3-EAC8F2A91E53}.Debug|Any CPU.ActiveCfg = Debug|Any CPU
		{FAD0DD32-DAC4-4EC7-8FD3-EAC8F2A91E53}.Debug|Any CPU.Build.0 = Debug|Any CPU
		{FAD0DD32-DAC4-4EC7-8FD3-EAC8F2A91E53}.Release|Any CPU.ActiveCfg = Release|Any CPU
		{FAD0DD32-DAC4-4EC7-8FD3-EAC8F2A91E53}.Release|Any CPU.Build.0 = Release|Any CPU
		{267C3559-C492-41F2-B1D2-6B6559E86DC9}.Debug|Any CPU.ActiveCfg = Debug|Any CPU
		{267C3559-C492-41F2-B1D2-6B6559E86DC9}.Debug|Any CPU.Build.0 = Debug|Any CPU
		{267C3559-C492-41F2-B1D2-6B6559E86DC9}.Release|Any CPU.ActiveCfg = Release|Any CPU
		{267C3559-C492-41F2-B1D2-6B6559E86DC9}.Release|Any CPU.Build.0 = Release|Any CPU
	EndGlobalSection
	GlobalSection(SolutionProperties) = preSolution
		HideSolutionNode = FALSE
	EndGlobalSection
	GlobalSection(ExtensibilityGlobals) = postSolution
		SolutionGuid = {85AF1A17-CCEB-405B-94B5-8250CD33C1B2}
	EndGlobalSection
EndGlobal
